
Microsoft Visual Studio Solution File, Format Version 12.00
# Visual Studio Version 17
VisualStudioVersion = 17.3.32804.467
MinimumVisualStudioVersion = 10.0.40219.1
Project("{FAE04EC0-301F-11D3-BF4B-00C04F79EFBC}") = "GenericRepo", "GenericRepo.csproj", "{9F8219B8-B81E-4861-AE4B-C41EADABDEA9}"
EndProject
Global
	GlobalSection(SolutionConfigurationPlatforms) = preSolution
		Debug|Any CPU = Debug|Any CPU
		Release|Any CPU = Release|Any CPU
	EndGlobalSection
	GlobalSection(ProjectConfigurationPlatforms) = postSolution
		{9F8219B8-B81E-4861-AE4B-C41EADABDEA9}.Debug|Any CPU.ActiveCfg = Debug|Any CPU
		{9F8219B8-B81E-4861-AE4B-C41EADABDEA9}.Debug|Any CPU.Build.0 = Debug|Any CPU
		{9F8219B8-B81E-4861-AE4B-C41EADABDEA9}.Release|Any CPU.ActiveCfg = Release|Any CPU
		{9F8219B8-B81E-4861-AE4B-C41EADABDEA9}.Release|Any CPU.Build.0 = Release|Any CPU
	EndGlobalSection
	GlobalSection(SolutionProperties) = preSolution
		HideSolutionNode = FALSE
	EndGlobalSection
	GlobalSection(ExtensibilityGlobals) = postSolution
		SolutionGuid = {F9ED01F4-C51D-4DA5-91D9-7CBAB4414972}
	EndGlobalSection
EndGlobal
